# THIS IS AN AUTOGENERATED FILE. DO NOT EDIT THIS FILE DIRECTLY.
# yarn lockfile v1


"@veupathdb/mbio-site@^1.0.0":
  version "1.0.35"
  resolved "https://registry.yarnpkg.com/@veupathdb/mbio-site/-/mbio-site-1.0.35.tgz#6292c5a60ce23a9a20466032d8eebe4e384acead"
  integrity sha512-gmrkPauIqFtkqxWdDPv+Qc+si/SThKN7dtUZ3af/3W7x6Ia0qEYCkWUi4OaeJ+G1GDcD9g0R43bkLgHe+urBGQ==
