# THIS IS AN AUTOGENERATED FILE. DO NOT EDIT THIS FILE DIRECTLY.
# yarn lockfile v1


"@veupathdb/mbio-site@^1.0.0":
  version "1.0.18"
  resolved "https://registry.yarnpkg.com/@veupathdb/mbio-site/-/mbio-site-1.0.18.tgz#83ff02e5a75d7b4586099d43ccab60313589da25"
  integrity sha512-9MRkBU//c8R7ERz8loIRDTnqQq1Uu5mGY4r1xHYlFtgA1kqGgxmmn9r6gz/hdhrVCSFB6ujzn3jFeW9goCWmyQ==
