# THIS IS AN AUTOGENERATED FILE. DO NOT EDIT THIS FILE DIRECTLY.
# yarn lockfile v1


"@veupathdb/mbio-site@1.0.123-patch.1":
  version "1.0.123-patch.1"
  resolved "https://registry.yarnpkg.com/@veupathdb/mbio-site/-/mbio-site-1.0.123-patch.1.tgz#bb016d7c3a6ae9388a1cd998c2c90baef8ceb0cb"
  integrity sha512-7vDfQ+iClSidyddOTa26a1lVUV7WWCefcW9JUXdxQuO9tTugGBKgwTLmulYi111Jfhr236fQT4eSiRxDM14WXw==
